// !$*UTF8*$!
{
	archiveVersion = 1;
	classes = {
	};
	objectVersion = 46;
	objects = {

/* Begin PBXBuildFile section */
		D1BA1EC71B9B05DC00EFF076 /* XmeetHandler.m in Sources */ = {isa = PBXBuildFile; fileRef = D1BA1EB91B9B05DC00EFF076 /* XmeetHandler.m */; };
		D1BA1EC81B9B05DC00EFF076 /* XmeetMembers.m in Sources */ = {isa = PBXBuildFile; fileRef = D1BA1EBB1B9B05DC00EFF076 /* XmeetMembers.m */; };
		D1BA1EC91B9B05DC00EFF076 /* XmeetMessage.m in Sources */ = {isa = PBXBuildFile; fileRef = D1BA1EBD1B9B05DC00EFF076 /* XmeetMessage.m */; };
		D1BA1ECA1B9B05DC00EFF076 /* XmeetMessageCell.m in Sources */ = {isa = PBXBuildFile; fileRef = D1BA1EBF1B9B05DC00EFF076 /* XmeetMessageCell.m */; };
		D1BA1ECB1B9B05DC00EFF076 /* XmeetTools.m in Sources */ = {isa = PBXBuildFile; fileRef = D1BA1EC11B9B05DC00EFF076 /* XmeetTools.m */; };
		D1BA1ECC1B9B05DC00EFF076 /* XmeetUserInfo.m in Sources */ = {isa = PBXBuildFile; fileRef = D1BA1EC31B9B05DC00EFF076 /* XmeetUserInfo.m */; };
		D1BA1ECD1B9B05DC00EFF076 /* XmeetViewController.m in Sources */ = {isa = PBXBuildFile; fileRef = D1BA1EC61B9B05DC00EFF076 /* XmeetViewController.m */; };
		D1BA1F6E1B9B0F9D00EFF076 /* NSObject+SBJSON.m in Sources */ = {isa = PBXBuildFile; fileRef = D1BA1F5F1B9B0F9D00EFF076 /* NSObject+SBJSON.m */; settings = {COMPILER_FLAGS = "-fno-objc-arc"; }; };
		D1BA1F6F1B9B0F9D00EFF076 /* NSString+SBJSON.m in Sources */ = {isa = PBXBuildFile; fileRef = D1BA1F611B9B0F9D00EFF076 /* NSString+SBJSON.m */; settings = {COMPILER_FLAGS = "-fno-objc-arc"; }; };
		D1BA1F701B9B0F9D00EFF076 /* SBJSON.m in Sources */ = {isa = PBXBuildFile; fileRef = D1BA1F631B9B0F9D00EFF076 /* SBJSON.m */; settings = {COMPILER_FLAGS = "-fno-objc-arc"; }; };
		D1BA1F711B9B0F9D00EFF076 /* SBJsonBase.m in Sources */ = {isa = PBXBuildFile; fileRef = D1BA1F651B9B0F9D00EFF076 /* SBJsonBase.m */; settings = {COMPILER_FLAGS = "-fno-objc-arc"; }; };
		D1BA1F721B9B0F9D00EFF076 /* SBJsonParser.m in Sources */ = {isa = PBXBuildFile; fileRef = D1BA1F671B9B0F9D00EFF076 /* SBJsonParser.m */; settings = {COMPILER_FLAGS = "-fno-objc-arc"; }; };
		D1BA1F731B9B0F9D00EFF076 /* SBJsonWriter.m in Sources */ = {isa = PBXBuildFile; fileRef = D1BA1F691B9B0F9D00EFF076 /* SBJsonWriter.m */; settings = {COMPILER_FLAGS = "-fno-objc-arc"; }; };
		D1BA1F741B9B0F9D00EFF076 /* SRWebSocket.m in Sources */ = {isa = PBXBuildFile; fileRef = D1BA1F6D1B9B0F9D00EFF076 /* SRWebSocket.m */; };
/* End PBXBuildFile section */

/* Begin PBXCopyFilesBuildPhase section */
		D1BA1E831B9B052200EFF076 /* CopyFiles */ = {
			isa = PBXCopyFilesBuildPhase;
			buildActionMask = 2147483647;
			dstPath = "include/$(PRODUCT_NAME)";
			dstSubfolderSpec = 16;
			files = (
			);
			runOnlyForDeploymentPostprocessing = 0;
		};
/* End PBXCopyFilesBuildPhase section */

/* Begin PBXFileReference section */
		D1BA1E851B9B052200EFF076 /* libxmeetapi.a */ = {isa = PBXFileReference; explicitFileType = archive.ar; includeInIndex = 0; path = libxmeetapi.a; sourceTree = BUILT_PRODUCTS_DIR; };
		D1BA1EB81B9B05DC00EFF076 /* XmeetHandler.h */ = {isa = PBXFileReference; fileEncoding = 4; lastKnownFileType = sourcecode.c.h; path = XmeetHandler.h; sourceTree = SOURCE_ROOT; };
		D1BA1EB91B9B05DC00EFF076 /* XmeetHandler.m */ = {isa = PBXFileReference; fileEncoding = 4; lastKnownFileType = sourcecode.c.objc; path = XmeetHandler.m; sourceTree = SOURCE_ROOT; };
		D1BA1EBA1B9B05DC00EFF076 /* XmeetMembers.h */ = {isa = PBXFileReference; fileEncoding = 4; lastKnownFileType = sourcecode.c.h; path = XmeetMembers.h; sourceTree = SOURCE_ROOT; };
		D1BA1EBB1B9B05DC00EFF076 /* XmeetMembers.m */ = {isa = PBXFileReference; fileEncoding = 4; lastKnownFileType = sourcecode.c.objc; path = XmeetMembers.m; sourceTree = SOURCE_ROOT; };
		D1BA1EBC1B9B05DC00EFF076 /* XmeetMessage.h */ = {isa = PBXFileReference; fileEncoding = 4; lastKnownFileType = sourcecode.c.h; path = XmeetMessage.h; sourceTree = SOURCE_ROOT; };
		D1BA1EBD1B9B05DC00EFF076 /* XmeetMessage.m */ = {isa = PBXFileReference; fileEncoding = 4; lastKnownFileType = sourcecode.c.objc; path = XmeetMessage.m; sourceTree = SOURCE_ROOT; };
		D1BA1EBE1B9B05DC00EFF076 /* XmeetMessageCell.h */ = {isa = PBXFileReference; fileEncoding = 4; lastKnownFileType = sourcecode.c.h; path = XmeetMessageCell.h; sourceTree = SOURCE_ROOT; };
		D1BA1EBF1B9B05DC00EFF076 /* XmeetMessageCell.m */ = {isa = PBXFileReference; fileEncoding = 4; lastKnownFileType = sourcecode.c.objc; path = XmeetMessageCell.m; sourceTree = SOURCE_ROOT; };
		D1BA1EC01B9B05DC00EFF076 /* XmeetTools.h */ = {isa = PBXFileReference; fileEncoding = 4; lastKnownFileType = sourcecode.c.h; path = XmeetTools.h; sourceTree = SOURCE_ROOT; };
		D1BA1EC11B9B05DC00EFF076 /* XmeetTools.m */ = {isa = PBXFileReference; fileEncoding = 4; lastKnownFileType = sourcecode.c.objc; path = XmeetTools.m; sourceTree = SOURCE_ROOT; };
		D1BA1EC21B9B05DC00EFF076 /* XmeetUserInfo.h */ = {isa = PBXFileReference; fileEncoding = 4; lastKnownFileType = sourcecode.c.h; path = XmeetUserInfo.h; sourceTree = SOURCE_ROOT; };
		D1BA1EC31B9B05DC00EFF076 /* XmeetUserInfo.m */ = {isa = PBXFileReference; fileEncoding = 4; lastKnownFileType = sourcecode.c.objc; path = XmeetUserInfo.m; sourceTree = SOURCE_ROOT; };
		D1BA1EC41B9B05DC00EFF076 /* XmeetUtils.h */ = {isa = PBXFileReference; fileEncoding = 4; lastKnownFileType = sourcecode.c.h; path = XmeetUtils.h; sourceTree = SOURCE_ROOT; };
		D1BA1EC51B9B05DC00EFF076 /* XmeetViewController.h */ = {isa = PBXFileReference; fileEncoding = 4; lastKnownFileType = sourcecode.c.h; path = XmeetViewController.h; sourceTree = SOURCE_ROOT; };
		D1BA1EC61B9B05DC00EFF076 /* XmeetViewController.m */ = {isa = PBXFileReference; fileEncoding = 4; lastKnownFileType = sourcecode.c.objc; path = XmeetViewController.m; sourceTree = SOURCE_ROOT; };
		D1BA1F5D1B9B0F9D00EFF076 /* JSON.h */ = {isa = PBXFileReference; fileEncoding = 4; lastKnownFileType = sourcecode.c.h; path = JSON.h; sourceTree = "<group>"; };
		D1BA1F5E1B9B0F9D00EFF076 /* NSObject+SBJSON.h */ = {isa = PBXFileReference; fileEncoding = 4; lastKnownFileType = sourcecode.c.h; path = "NSObject+SBJSON.h"; sourceTree = "<group>"; };
		D1BA1F5F1B9B0F9D00EFF076 /* NSObject+SBJSON.m */ = {isa = PBXFileReference; fileEncoding = 4; lastKnownFileType = sourcecode.c.objc; path = "NSObject+SBJSON.m"; sourceTree = "<group>"; };
		D1BA1F601B9B0F9D00EFF076 /* NSString+SBJSON.h */ = {isa = PBXFileReference; fileEncoding = 4; lastKnownFileType = sourcecode.c.h; path = "NSString+SBJSON.h"; sourceTree = "<group>"; };
		D1BA1F611B9B0F9D00EFF076 /* NSString+SBJSON.m */ = {isa = PBXFileReference; fileEncoding = 4; lastKnownFileType = sourcecode.c.objc; path = "NSString+SBJSON.m"; sourceTree = "<group>"; };
		D1BA1F621B9B0F9D00EFF076 /* SBJSON.h */ = {isa = PBXFileReference; fileEncoding = 4; lastKnownFileType = sourcecode.c.h; path = SBJSON.h; sourceTree = "<group>"; };
		D1BA1F631B9B0F9D00EFF076 /* SBJSON.m */ = {isa = PBXFileReference; fileEncoding = 4; lastKnownFileType = sourcecode.c.objc; path = SBJSON.m; sourceTree = "<group>"; };
		D1BA1F641B9B0F9D00EFF076 /* SBJsonBase.h */ = {isa = PBXFileReference; fileEncoding = 4; lastKnownFileType = sourcecode.c.h; path = SBJsonBase.h; sourceTree = "<group>"; };
		D1BA1F651B9B0F9D00EFF076 /* SBJsonBase.m */ = {isa = PBXFileReference; fileEncoding = 4; lastKnownFileType = sourcecode.c.objc; path = SBJsonBase.m; sourceTree = "<group>"; };
		D1BA1F661B9B0F9D00EFF076 /* SBJsonParser.h */ = {isa = PBXFileReference; fileEncoding = 4; lastKnownFileType = sourcecode.c.h; path = SBJsonParser.h; sourceTree = "<group>"; };
		D1BA1F671B9B0F9D00EFF076 /* SBJsonParser.m */ = {isa = PBXFileReference; fileEncoding = 4; lastKnownFileType = sourcecode.c.objc; path = SBJsonParser.m; sourceTree = "<group>"; };
		D1BA1F681B9B0F9D00EFF076 /* SBJsonWriter.h */ = {isa = PBXFileReference; fileEncoding = 4; lastKnownFileType = sourcecode.c.h; path = SBJsonWriter.h; sourceTree = "<group>"; };
		D1BA1F691B9B0F9D00EFF076 /* SBJsonWriter.m */ = {isa = PBXFileReference; fileEncoding = 4; lastKnownFileType = sourcecode.c.objc; path = SBJsonWriter.m; sourceTree = "<group>"; };
		D1BA1F6B1B9B0F9D00EFF076 /* SocketRocket-Prefix.pch */ = {isa = PBXFileReference; fileEncoding = 4; lastKnownFileType = sourcecode.c.h; path = "SocketRocket-Prefix.pch"; sourceTree = "<group>"; };
		D1BA1F6C1B9B0F9D00EFF076 /* SRWebSocket.h */ = {isa = PBXFileReference; fileEncoding = 4; lastKnownFileType = sourcecode.c.h; path = SRWebSocket.h; sourceTree = "<group>"; };
		D1BA1F6D1B9B0F9D00EFF076 /* SRWebSocket.m */ = {isa = PBXFileReference; fileEncoding = 4; lastKnownFileType = sourcecode.c.objc; path = SRWebSocket.m; sourceTree = "<group>"; };
/* End PBXFileReference section */

/* Begin PBXFrameworksBuildPhase section */
		D1BA1E821B9B052200EFF076 /* Frameworks */ = {
			isa = PBXFrameworksBuildPhase;
			buildActionMask = 2147483647;
			files = (
			);
			runOnlyForDeploymentPostprocessing = 0;
		};
/* End PBXFrameworksBuildPhase section */

/* Begin PBXGroup section */
		D1BA1E7C1B9B052200EFF076 = {
			isa = PBXGroup;
			children = (
				D1BA1E871B9B052200EFF076 /* XmeetViewController */,
				D1BA1E861B9B052200EFF076 /* Products */,
			);
			sourceTree = "<group>";
		};
		D1BA1E861B9B052200EFF076 /* Products */ = {
			isa = PBXGroup;
			children = (
				D1BA1E851B9B052200EFF076 /* libxmeetapi.a */,
			);
			name = Products;
			sourceTree = "<group>";
		};
		D1BA1E871B9B052200EFF076 /* XmeetViewController */ = {
			isa = PBXGroup;
			children = (
				D1BA1EB81B9B05DC00EFF076 /* XmeetHandler.h */,
				D1BA1EB91B9B05DC00EFF076 /* XmeetHandler.m */,
				D1BA1EBA1B9B05DC00EFF076 /* XmeetMembers.h */,
				D1BA1EBB1B9B05DC00EFF076 /* XmeetMembers.m */,
				D1BA1EBC1B9B05DC00EFF076 /* XmeetMessage.h */,
				D1BA1EBD1B9B05DC00EFF076 /* XmeetMessage.m */,
				D1BA1EBE1B9B05DC00EFF076 /* XmeetMessageCell.h */,
				D1BA1EBF1B9B05DC00EFF076 /* XmeetMessageCell.m */,
				D1BA1EC01B9B05DC00EFF076 /* XmeetTools.h */,
				D1BA1EC11B9B05DC00EFF076 /* XmeetTools.m */,
				D1BA1EC21B9B05DC00EFF076 /* XmeetUserInfo.h */,
				D1BA1EC31B9B05DC00EFF076 /* XmeetUserInfo.m */,
				D1BA1EC41B9B05DC00EFF076 /* XmeetUtils.h */,
				D1BA1EC51B9B05DC00EFF076 /* XmeetViewController.h */,
				D1BA1EC61B9B05DC00EFF076 /* XmeetViewController.m */,
				D1BA1F5C1B9B0F9D00EFF076 /* JSON */,
				D1BA1F6A1B9B0F9D00EFF076 /* SocketRocket */,
			);
			path = XmeetViewController;
			sourceTree = "<group>";
		};
		D1BA1F5C1B9B0F9D00EFF076 /* JSON */ = {
			isa = PBXGroup;
			children = (
				D1BA1F5D1B9B0F9D00EFF076 /* JSON.h */,
				D1BA1F5E1B9B0F9D00EFF076 /* NSObject+SBJSON.h */,
				D1BA1F5F1B9B0F9D00EFF076 /* NSObject+SBJSON.m */,
				D1BA1F601B9B0F9D00EFF076 /* NSString+SBJSON.h */,
				D1BA1F611B9B0F9D00EFF076 /* NSString+SBJSON.m */,
				D1BA1F621B9B0F9D00EFF076 /* SBJSON.h */,
				D1BA1F631B9B0F9D00EFF076 /* SBJSON.m */,
				D1BA1F641B9B0F9D00EFF076 /* SBJsonBase.h */,
				D1BA1F651B9B0F9D00EFF076 /* SBJsonBase.m */,
				D1BA1F661B9B0F9D00EFF076 /* SBJsonParser.h */,
				D1BA1F671B9B0F9D00EFF076 /* SBJsonParser.m */,
				D1BA1F681B9B0F9D00EFF076 /* SBJsonWriter.h */,
				D1BA1F691B9B0F9D00EFF076 /* SBJsonWriter.m */,
			);
			path = JSON;
			sourceTree = SOURCE_ROOT;
		};
		D1BA1F6A1B9B0F9D00EFF076 /* SocketRocket */ = {
			isa = PBXGroup;
			children = (
				D1BA1F6B1B9B0F9D00EFF076 /* SocketRocket-Prefix.pch */,
				D1BA1F6C1B9B0F9D00EFF076 /* SRWebSocket.h */,
				D1BA1F6D1B9B0F9D00EFF076 /* SRWebSocket.m */,
			);
			path = SocketRocket;
			sourceTree = SOURCE_ROOT;
		};
/* End PBXGroup section */

/* Begin PBXNativeTarget section */
		D1BA1E841B9B052200EFF076 /* XmeetViewController */ = {
			isa = PBXNativeTarget;
			buildConfigurationList = D1BA1E991B9B052200EFF076 /* Build configuration list for PBXNativeTarget "XmeetViewController" */;
			buildPhases = (
				D1BA1E811B9B052200EFF076 /* Sources */,
				D1BA1E821B9B052200EFF076 /* Frameworks */,
				D1BA1E831B9B052200EFF076 /* CopyFiles */,
			);
			buildRules = (
			);
			dependencies = (
			);
			name = XmeetViewController;
			productName = XmeetViewController;
			productReference = D1BA1E851B9B052200EFF076 /* libxmeetapi.a */;
			productType = "com.apple.product-type.library.static";
		};
/* End PBXNativeTarget section */

/* Begin PBXProject section */
		D1BA1E7D1B9B052200EFF076 /* Project object */ = {
			isa = PBXProject;
			attributes = {
				LastUpgradeCheck = 0610;
				ORGANIZATIONNAME = HouKinglong;
				TargetAttributes = {
					D1BA1E841B9B052200EFF076 = {
						CreatedOnToolsVersion = 6.1.1;
					};
				};
			};
			buildConfigurationList = D1BA1E801B9B052200EFF076 /* Build configuration list for PBXProject "XmeetViewController" */;
			compatibilityVersion = "Xcode 3.2";
			developmentRegion = English;
			hasScannedForEncodings = 0;
			knownRegions = (
				en,
			);
			mainGroup = D1BA1E7C1B9B052200EFF076;
			productRefGroup = D1BA1E861B9B052200EFF076 /* Products */;
			projectDirPath = "";
			projectRoot = "";
			targets = (
				D1BA1E841B9B052200EFF076 /* XmeetViewController */,
			);
		};
/* End PBXProject section */

/* Begin PBXSourcesBuildPhase section */
		D1BA1E811B9B052200EFF076 /* Sources */ = {
			isa = PBXSourcesBuildPhase;
			buildActionMask = 2147483647;
			files = (
				D1BA1ECC1B9B05DC00EFF076 /* XmeetUserInfo.m in Sources */,
				D1BA1F731B9B0F9D00EFF076 /* SBJsonWriter.m in Sources */,
				D1BA1F6F1B9B0F9D00EFF076 /* NSString+SBJSON.m in Sources */,
				D1BA1ECB1B9B05DC00EFF076 /* XmeetTools.m in Sources */,
				D1BA1F741B9B0F9D00EFF076 /* SRWebSocket.m in Sources */,
				D1BA1EC91B9B05DC00EFF076 /* XmeetMessage.m in Sources */,
				D1BA1F701B9B0F9D00EFF076 /* SBJSON.m in Sources */,
				D1BA1ECD1B9B05DC00EFF076 /* XmeetViewController.m in Sources */,
				D1BA1ECA1B9B05DC00EFF076 /* XmeetMessageCell.m in Sources */,
				D1BA1EC71B9B05DC00EFF076 /* XmeetHandler.m in Sources */,
				D1BA1F6E1B9B0F9D00EFF076 /* NSObject+SBJSON.m in Sources */,
				D1BA1F721B9B0F9D00EFF076 /* SBJsonParser.m in Sources */,
				D1BA1EC81B9B05DC00EFF076 /* XmeetMembers.m in Sources */,
				D1BA1F711B9B0F9D00EFF076 /* SBJsonBase.m in Sources */,
			);
			runOnlyForDeploymentPostprocessing = 0;
		};
/* End PBXSourcesBuildPhase section */

/* Begin XCBuildConfiguration section */
		D1BA1E971B9B052200EFF076 /* Debug */ = {
			isa = XCBuildConfiguration;
			buildSettings = {
				ALWAYS_SEARCH_USER_PATHS = NO;
				CLANG_CXX_LANGUAGE_STANDARD = "gnu++0x";
				CLANG_CXX_LIBRARY = "libc++";
				CLANG_ENABLE_MODULES = YES;
				CLANG_ENABLE_OBJC_ARC = YES;
				CLANG_WARN_BOOL_CONVERSION = YES;
				CLANG_WARN_CONSTANT_CONVERSION = YES;
				CLANG_WARN_DIRECT_OBJC_ISA_USAGE = YES_ERROR;
				CLANG_WARN_EMPTY_BODY = YES;
				CLANG_WARN_ENUM_CONVERSION = YES;
				CLANG_WARN_INT_CONVERSION = YES;
				CLANG_WARN_OBJC_ROOT_CLASS = YES_ERROR;
				CLANG_WARN_UNREACHABLE_CODE = YES;
				CLANG_WARN__DUPLICATE_METHOD_MATCH = YES;
				COPY_PHASE_STRIP = NO;
				ENABLE_STRICT_OBJC_MSGSEND = YES;
				GCC_C_LANGUAGE_STANDARD = gnu99;
				GCC_DYNAMIC_NO_PIC = NO;
				GCC_OPTIMIZATION_LEVEL = 0;
				GCC_PREPROCESSOR_DEFINITIONS = (
					"DEBUG=1",
					"$(inherited)",
				);
				GCC_SYMBOLS_PRIVATE_EXTERN = NO;
				GCC_WARN_64_TO_32_BIT_CONVERSION = YES;
				GCC_WARN_ABOUT_RETURN_TYPE = YES_ERROR;
				GCC_WARN_UNDECLARED_SELECTOR = YES;
				GCC_WARN_UNINITIALIZED_AUTOS = YES_AGGRESSIVE;
				GCC_WARN_UNUSED_FUNCTION = YES;
				GCC_WARN_UNUSED_VARIABLE = YES;
				IPHONEOS_DEPLOYMENT_TARGET = 8.1;
				MTL_ENABLE_DEBUG_INFO = YES;
				ONLY_ACTIVE_ARCH = YES;
				SDKROOT = iphoneos;
			};
			name = Debug;
		};
		D1BA1E981B9B052200EFF076 /* Release */ = {
			isa = XCBuildConfiguration;
			buildSettings = {
				ALWAYS_SEARCH_USER_PATHS = NO;
				CLANG_CXX_LANGUAGE_STANDARD = "gnu++0x";
				CLANG_CXX_LIBRARY = "libc++";
				CLANG_ENABLE_MODULES = YES;
				CLANG_ENABLE_OBJC_ARC = YES;
				CLANG_WARN_BOOL_CONVERSION = YES;
				CLANG_WARN_CONSTANT_CONVERSION = YES;
				CLANG_WARN_DIRECT_OBJC_ISA_USAGE = YES_ERROR;
				CLANG_WARN_EMPTY_BODY = YES;
				CLANG_WARN_ENUM_CONVERSION = YES;
				CLANG_WARN_INT_CONVERSION = YES;
				CLANG_WARN_OBJC_ROOT_CLASS = YES_ERROR;
				CLANG_WARN_UNREACHABLE_CODE = YES;
				CLANG_WARN__DUPLICATE_METHOD_MATCH = YES;
				COPY_PHASE_STRIP = YES;
				ENABLE_NS_ASSERTIONS = NO;
				ENABLE_STRICT_OBJC_MSGSEND = YES;
				GCC_C_LANGUAGE_STANDARD = gnu99;
				GCC_WARN_64_TO_32_BIT_CONVERSION = YES;
				GCC_WARN_ABOUT_RETURN_TYPE = YES_ERROR;
				GCC_WARN_UNDECLARED_SELECTOR = YES;
				GCC_WARN_UNINITIALIZED_AUTOS = YES_AGGRESSIVE;
				GCC_WARN_UNUSED_FUNCTION = YES;
				GCC_WARN_UNUSED_VARIABLE = YES;
				IPHONEOS_DEPLOYMENT_TARGET = 8.1;
				MTL_ENABLE_DEBUG_INFO = NO;
				SDKROOT = iphoneos;
				VALIDATE_PRODUCT = YES;
			};
			name = Release;
		};
		D1BA1E9A1B9B052200EFF076 /* Debug */ = {
			isa = XCBuildConfiguration;
			buildSettings = {
				OTHER_LDFLAGS = "-ObjC";
				PRODUCT_NAME = xmeetapi;
				SKIP_INSTALL = YES;
			};
			name = Debug;
		};
		D1BA1E9B1B9B052200EFF076 /* Release */ = {
			isa = XCBuildConfiguration;
			buildSettings = {
				OTHER_LDFLAGS = "-ObjC";
				PRODUCT_NAME = xmeetapi;
				SKIP_INSTALL = YES;
			};
			name = Release;
		};
/* End XCBuildConfiguration section */

/* Begin XCConfigurationList section */
		D1BA1E801B9B052200EFF076 /* Build configuration list for PBXProject "XmeetViewController" */ = {
			isa = XCConfigurationList;
			buildConfigurations = (
				D1BA1E971B9B052200EFF076 /* Debug */,
				D1BA1E981B9B052200EFF076 /* Release */,
			);
			defaultConfigurationIsVisible = 0;
			defaultConfigurationName = Release;
		};
		D1BA1E991B9B052200EFF076 /* Build configuration list for PBXNativeTarget "XmeetViewController" */ = {
			isa = XCConfigurationList;
			buildConfigurations = (
				D1BA1E9A1B9B052200EFF076 /* Debug */,
				D1BA1E9B1B9B052200EFF076 /* Release */,
			);
			defaultConfigurationIsVisible = 0;
		};
/* End XCConfigurationList section */
	};
	rootObject = D1BA1E7D1B9B052200EFF076 /* Project object */;
}
